
Microsoft Visual Studio Solution File, Format Version 12.00
# Visual Studio Version 16
VisualStudioVersion = 16.0.30011.22
MinimumVisualStudioVersion = 15.0.26124.0
Project("{9A19103F-16F7-4668-BE54-9A1E7A4F7556}") = "SearchApp", "WebAPI\SearchApp.csproj", "{C9B40195-1C7C-4B3A-83F8-9210D0170B8A}"
EndProject
Project("{9A19103F-16F7-4668-BE54-9A1E7A4F7556}") = "Persistence", "Persistence\Persistence.csproj", "{93BD178D-939E-4FDC-84C6-B6A0588DC310}"
EndProject
Project("{9A19103F-16F7-4668-BE54-9A1E7A4F7556}") = "Domain", "Domain\Domain.csproj", "{0DD52FCD-9447-412D-84CB-8E3D6A806F17}"
EndProject
Project("{9A19103F-16F7-4668-BE54-9A1E7A4F7556}") = "Application", "Application\Application.csproj", "{152072E7-6635-47E1-AB5E-502906790469}"
EndProject
Project("{FAE04EC0-301F-11D3-BF4B-00C04F79EFBC}") = "Common", "Common\Common.csproj", "{C99A6358-C0F7-49D8-9F6F-16D9C732A52C}"
EndProject
Global
	GlobalSection(SolutionConfigurationPlatforms) = preSolution
		Debug|Any CPU = Debug|Any CPU
		Debug|x64 = Debug|x64
		Debug|x86 = Debug|x86
		Release|Any CPU = Release|Any CPU
		Release|x64 = Release|x64
		Release|x86 = Release|x86
	EndGlobalSection
	GlobalSection(ProjectConfigurationPlatforms) = postSolution
		{C9B40195-1C7C-4B3A-83F8-9210D0170B8A}.Debug|Any CPU.ActiveCfg = Debug|Any CPU
		{C9B40195-1C7C-4B3A-83F8-9210D0170B8A}.Debug|Any CPU.Build.0 = Debug|Any CPU
		{C9B40195-1C7C-4B3A-83F8-9210D0170B8A}.Debug|x64.ActiveCfg = Debug|Any CPU
		{C9B40195-1C7C-4B3A-83F8-9210D0170B8A}.Debug|x64.Build.0 = Debug|Any CPU
		{C9B40195-1C7C-4B3A-83F8-9210D0170B8A}.Debug|x86.ActiveCfg = Debug|Any CPU
		{C9B40195-1C7C-4B3A-83F8-9210D0170B8A}.Debug|x86.Build.0 = Debug|Any CPU
		{C9B40195-1C7C-4B3A-83F8-9210D0170B8A}.Release|Any CPU.ActiveCfg = Release|Any CPU
		{C9B40195-1C7C-4B3A-83F8-9210D0170B8A}.Release|Any CPU.Build.0 = Release|Any CPU
		{C9B40195-1C7C-4B3A-83F8-9210D0170B8A}.Release|x64.ActiveCfg = Release|Any CPU
		{C9B40195-1C7C-4B3A-83F8-9210D0170B8A}.Release|x64.Build.0 = Release|Any CPU
		{C9B40195-1C7C-4B3A-83F8-9210D0170B8A}.Release|x86.ActiveCfg = Release|Any CPU
		{C9B40195-1C7C-4B3A-83F8-9210D0170B8A}.Release|x86.Build.0 = Release|Any CPU
		{93BD178D-939E-4FDC-84C6-B6A0588DC310}.Debug|Any CPU.ActiveCfg = Debug|Any CPU
		{93BD178D-939E-4FDC-84C6-B6A0588DC310}.Debug|Any CPU.Build.0 = Debug|Any CPU
		{93BD178D-939E-4FDC-84C6-B6A0588DC310}.Debug|x64.ActiveCfg = Debug|Any CPU
		{93BD178D-939E-4FDC-84C6-B6A0588DC310}.Debug|x64.Build.0 = Debug|Any CPU
		{93BD178D-939E-4FDC-84C6-B6A0588DC310}.Debug|x86.ActiveCfg = Debug|Any CPU
		{93BD178D-939E-4FDC-84C6-B6A0588DC310}.Debug|x86.Build.0 = Debug|Any CPU
		{93BD178D-939E-4FDC-84C6-B6A0588DC310}.Release|Any CPU.ActiveCfg = Release|Any CPU
		{93BD178D-939E-4FDC-84C6-B6A0588DC310}.Release|Any CPU.Build.0 = Release|Any CPU
		{93BD178D-939E-4FDC-84C6-B6A0588DC310}.Release|x64.ActiveCfg = Release|Any CPU
		{93BD178D-939E-4FDC-84C6-B6A0588DC310}.Release|x64.Build.0 = Release|Any CPU
		{93BD178D-939E-4FDC-84C6-B6A0588DC310}.Release|x86.ActiveCfg = Release|Any CPU
		{93BD178D-939E-4FDC-84C6-B6A0588DC310}.Release|x86.Build.0 = Release|Any CPU
		{0DD52FCD-9447-412D-84CB-8E3D6A806F17}.Debug|Any CPU.ActiveCfg = Debug|Any CPU
		{0DD52FCD-9447-412D-84CB-8E3D6A806F17}.Debug|Any CPU.Build.0 = Debug|Any CPU
		{0DD52FCD-9447-412D-84CB-8E3D6A806F17}.Debug|x64.ActiveCfg = Debug|Any CPU
		{0DD52FCD-9447-412D-84CB-8E3D6A806F17}.Debug|x64.Build.0 = Debug|Any CPU
		{0DD52FCD-9447-412D-84CB-8E3D6A806F17}.Debug|x86.ActiveCfg = Debug|Any CPU
		{0DD52FCD-9447-412D-84CB-8E3D6A806F17}.Debug|x86.Build.0 = Debug|Any CPU
		{0DD52FCD-9447-412D-84CB-8E3D6A806F17}.Release|Any CPU.ActiveCfg = Release|Any CPU
		{0DD52FCD-9447-412D-84CB-8E3D6A806F17}.Release|Any CPU.Build.0 = Release|Any CPU
		{0DD52FCD-9447-412D-84CB-8E3D6A806F17}.Release|x64.ActiveCfg = Release|Any CPU
		{0DD52FCD-9447-412D-84CB-8E3D6A806F17}.Release|x64.Build.0 = Release|Any CPU
		{0DD52FCD-9447-412D-84CB-8E3D6A806F17}.Release|x86.ActiveCfg = Release|Any CPU
		{0DD52FCD-9447-412D-84CB-8E3D6A806F17}.Release|x86.Build.0 = Release|Any CPU
		{152072E7-6635-47E1-AB5E-502906790469}.Debug|Any CPU.ActiveCfg = Debug|Any CPU
		{152072E7-6635-47E1-AB5E-502906790469}.Debug|Any CPU.Build.0 = Debug|Any CPU
		{152072E7-6635-47E1-AB5E-502906790469}.Debug|x64.ActiveCfg = Debug|Any CPU
		{152072E7-6635-47E1-AB5E-502906790469}.Debug|x64.Build.0 = Debug|Any CPU
		{152072E7-6635-47E1-AB5E-502906790469}.Debug|x86.ActiveCfg = Debug|Any CPU
		{152072E7-6635-47E1-AB5E-502906790469}.Debug|x86.Build.0 = Debug|Any CPU
		{152072E7-6635-47E1-AB5E-502906790469}.Release|Any CPU.ActiveCfg = Release|Any CPU
		{152072E7-6635-47E1-AB5E-502906790469}.Release|Any CPU.Build.0 = Release|Any CPU
		{152072E7-6635-47E1-AB5E-502906790469}.Release|x64.ActiveCfg = Release|Any CPU
		{152072E7-6635-47E1-AB5E-502906790469}.Release|x64.Build.0 = Release|Any CPU
		{152072E7-6635-47E1-AB5E-502906790469}.Release|x86.ActiveCfg = Release|Any CPU
		{152072E7-6635-47E1-AB5E-502906790469}.Release|x86.Build.0 = Release|Any CPU
		{C99A6358-C0F7-49D8-9F6F-16D9C732A52C}.Debug|Any CPU.ActiveCfg = Debug|Any CPU
		{C99A6358-C0F7-49D8-9F6F-16D9C732A52C}.Debug|Any CPU.Build.0 = Debug|Any CPU
		{C99A6358-C0F7-49D8-9F6F-16D9C732A52C}.Debug|x64.ActiveCfg = Debug|Any CPU
		{C99A6358-C0F7-49D8-9F6F-16D9C732A52C}.Debug|x64.Build.0 = Debug|Any CPU
		{C99A6358-C0F7-49D8-9F6F-16D9C732A52C}.Debug|x86.ActiveCfg = Debug|Any CPU
		{C99A6358-C0F7-49D8-9F6F-16D9C732A52C}.Debug|x86.Build.0 = Debug|Any CPU
		{C99A6358-C0F7-49D8-9F6F-16D9C732A52C}.Release|Any CPU.ActiveCfg = Release|Any CPU
		{C99A6358-C0F7-49D8-9F6F-16D9C732A52C}.Release|Any CPU.Build.0 = Release|Any CPU
		{C99A6358-C0F7-49D8-9F6F-16D9C732A52C}.Release|x64.ActiveCfg = Release|Any CPU
		{C99A6358-C0F7-49D8-9F6F-16D9C732A52C}.Release|x64.Build.0 = Release|Any CPU
		{C99A6358-C0F7-49D8-9F6F-16D9C732A52C}.Release|x86.ActiveCfg = Release|Any CPU
		{C99A6358-C0F7-49D8-9F6F-16D9C732A52C}.Release|x86.Build.0 = Release|Any CPU
	EndGlobalSection
	GlobalSection(SolutionProperties) = preSolution
		HideSolutionNode = FALSE
	EndGlobalSection
	GlobalSection(ExtensibilityGlobals) = postSolution
		SolutionGuid = {6939E29F-5A1D-438E-9A57-4A9C28439535}
	EndGlobalSection
EndGlobal
